
Microsoft Visual Studio Solution File, Format Version 12.00
# Visual Studio Express 2012 for Windows Desktop
Project("{FAE04EC0-301F-11D3-BF4B-00C04F79EFBC}") = "SpeedUnitChanger", "SpeedIndicator\SpeedUnitChanger.csproj", "{80E85F19-EE96-40B9-96A8-13565305A36C}"
EndProject
Project("{FAE04EC0-301F-11D3-BF4B-00C04F79EFBC}") = "SpeedUnitChangerToolbar", "SpeedUnitChangerToolbar\SpeedUnitChangerToolbar.csproj", "{8D086487-0042-4D44-96D7-8B8C01E1AB18}"
	ProjectSection(ProjectDependencies) = postProject
		{80E85F19-EE96-40B9-96A8-13565305A36C} = {80E85F19-EE96-40B9-96A8-13565305A36C}
	EndProjectSection
EndProject
Global
	GlobalSection(SolutionConfigurationPlatforms) = preSolution
		Debug|Any CPU = Debug|Any CPU
		Release|Any CPU = Release|Any CPU
	EndGlobalSection
	GlobalSection(ProjectConfigurationPlatforms) = postSolution
		{80E85F19-EE96-40B9-96A8-13565305A36C}.Debug|Any CPU.ActiveCfg = Debug|Any CPU
		{80E85F19-EE96-40B9-96A8-13565305A36C}.Debug|Any CPU.Build.0 = Debug|Any CPU
		{80E85F19-EE96-40B9-96A8-13565305A36C}.Release|Any CPU.ActiveCfg = Release|Any CPU
		{80E85F19-EE96-40B9-96A8-13565305A36C}.Release|Any CPU.Build.0 = Release|Any CPU
		{8D086487-0042-4D44-96D7-8B8C01E1AB18}.Debug|Any CPU.ActiveCfg = Debug|Any CPU
		{8D086487-0042-4D44-96D7-8B8C01E1AB18}.Debug|Any CPU.Build.0 = Debug|Any CPU
		{8D086487-0042-4D44-96D7-8B8C01E1AB18}.Release|Any CPU.ActiveCfg = Release|Any CPU
		{8D086487-0042-4D44-96D7-8B8C01E1AB18}.Release|Any CPU.Build.0 = Release|Any CPU
	EndGlobalSection
	GlobalSection(SolutionProperties) = preSolution
		HideSolutionNode = FALSE
	EndGlobalSection
EndGlobal
